
Microsoft Visual Studio Solution File, Format Version 12.00
# Visual Studio Version 17
VisualStudioVersion = 17.7.34024.191
MinimumVisualStudioVersion = 10.0.40219.1
Project("{FAE04EC0-301F-11D3-BF4B-00C04F79EFBC}") = "TinhLaiSuatWeb", "TinhLaiSuatWeb.csproj", "{113A852C-3435-4732-8D4A-540FD7C07518}"
EndProject
Global
	GlobalSection(SolutionConfigurationPlatforms) = preSolution
		Debug|Any CPU = Debug|Any CPU
		Release|Any CPU = Release|Any CPU
	EndGlobalSection
	GlobalSection(ProjectConfigurationPlatforms) = postSolution
		{113A852C-3435-4732-8D4A-540FD7C07518}.Debug|Any CPU.ActiveCfg = Debug|Any CPU
		{113A852C-3435-4732-8D4A-540FD7C07518}.Debug|Any CPU.Build.0 = Debug|Any CPU
		{113A852C-3435-4732-8D4A-540FD7C07518}.Release|Any CPU.ActiveCfg = Release|Any CPU
		{113A852C-3435-4732-8D4A-540FD7C07518}.Release|Any CPU.Build.0 = Release|Any CPU
	EndGlobalSection
	GlobalSection(SolutionProperties) = preSolution
		HideSolutionNode = FALSE
	EndGlobalSection
	GlobalSection(ExtensibilityGlobals) = postSolution
		SolutionGuid = {CE0715FD-958A-4A36-AF05-7FE1E13BB6D3}
	EndGlobalSection
EndGlobal
